
Microsoft Visual Studio Solution File, Format Version 12.00
# Visual Studio 2013
VisualStudioVersion = 12.0.31101.0
MinimumVisualStudioVersion = 10.0.40219.1
Project("{FAE04EC0-301F-11D3-BF4B-00C04F79EFBC}") = "BuenaHealth.Mobile", "BuenaHealth.Mobile\BuenaHealth.Mobile\BuenaHealth.Mobile.csproj", "{FAB48E28-F1D4-40C7-888C-DA5A27C76CB7}"
EndProject
Project("{FAE04EC0-301F-11D3-BF4B-00C04F79EFBC}") = "BuenaHealth.Mobile.iOS", "BuenaHealth.Mobile\BuenaHealth.Mobile.iOS\BuenaHealth.Mobile.iOS.csproj", "{DD948B33-C104-499E-B078-332EDE8F51AE}"
EndProject
Project("{FAE04EC0-301F-11D3-BF4B-00C04F79EFBC}") = "BuenaHealth.Mobile.Droid", "BuenaHealth.Mobile\BuenaHealth.Mobile.Droid\BuenaHealth.Mobile.Droid.csproj", "{6144F296-B478-4EB9-BD01-AE00CDB8046B}"
EndProject
Project("{FAE04EC0-301F-11D3-BF4B-00C04F79EFBC}") = "BuenaHealth.Mobile.WinPhone", "BuenaHealth.Mobile\BuenaHealth.Mobile.WinPhone\BuenaHealth.Mobile.WinPhone.csproj", "{28463270-D06E-4876-A79E-F64A512E57FD}"
EndProject
Global
	GlobalSection(SolutionConfigurationPlatforms) = preSolution
		Ad-Hoc|Any CPU = Ad-Hoc|Any CPU
		Ad-Hoc|ARM = Ad-Hoc|ARM
		Ad-Hoc|iPhone = Ad-Hoc|iPhone
		Ad-Hoc|iPhoneSimulator = Ad-Hoc|iPhoneSimulator
		Ad-Hoc|Mixed Platforms = Ad-Hoc|Mixed Platforms
		Ad-Hoc|x86 = Ad-Hoc|x86
		AppStore|Any CPU = AppStore|Any CPU
		AppStore|ARM = AppStore|ARM
		AppStore|iPhone = AppStore|iPhone
		AppStore|iPhoneSimulator = AppStore|iPhoneSimulator
		AppStore|Mixed Platforms = AppStore|Mixed Platforms
		AppStore|x86 = AppStore|x86
		Debug|Any CPU = Debug|Any CPU
		Debug|ARM = Debug|ARM
		Debug|iPhone = Debug|iPhone
		Debug|iPhoneSimulator = Debug|iPhoneSimulator
		Debug|Mixed Platforms = Debug|Mixed Platforms
		Debug|x86 = Debug|x86
		Release|Any CPU = Release|Any CPU
		Release|ARM = Release|ARM
		Release|iPhone = Release|iPhone
		Release|iPhoneSimulator = Release|iPhoneSimulator
		Release|Mixed Platforms = Release|Mixed Platforms
		Release|x86 = Release|x86
	EndGlobalSection
	GlobalSection(ProjectConfigurationPlatforms) = postSolution
		{FAB48E28-F1D4-40C7-888C-DA5A27C76CB7}.Ad-Hoc|Any CPU.ActiveCfg = Release|Any CPU
		{FAB48E28-F1D4-40C7-888C-DA5A27C76CB7}.Ad-Hoc|Any CPU.Build.0 = Release|Any CPU
		{FAB48E28-F1D4-40C7-888C-DA5A27C76CB7}.Ad-Hoc|ARM.ActiveCfg = Release|Any CPU
		{FAB48E28-F1D4-40C7-888C-DA5A27C76CB7}.Ad-Hoc|iPhone.ActiveCfg = Release|Any CPU
		{FAB48E28-F1D4-40C7-888C-DA5A27C76CB7}.Ad-Hoc|iPhoneSimulator.ActiveCfg = Release|Any CPU
		{FAB48E28-F1D4-40C7-888C-DA5A27C76CB7}.Ad-Hoc|Mixed Platforms.ActiveCfg = Release|Any CPU
		{FAB48E28-F1D4-40C7-888C-DA5A27C76CB7}.Ad-Hoc|Mixed Platforms.Build.0 = Release|Any CPU
		{FAB48E28-F1D4-40C7-888C-DA5A27C76CB7}.Ad-Hoc|x86.ActiveCfg = Release|Any CPU
		{FAB48E28-F1D4-40C7-888C-DA5A27C76CB7}.AppStore|Any CPU.ActiveCfg = Release|Any CPU
		{FAB48E28-F1D4-40C7-888C-DA5A27C76CB7}.AppStore|Any CPU.Build.0 = Release|Any CPU
		{FAB48E28-F1D4-40C7-888C-DA5A27C76CB7}.AppStore|ARM.ActiveCfg = Release|Any CPU
		{FAB48E28-F1D4-40C7-888C-DA5A27C76CB7}.AppStore|iPhone.ActiveCfg = Release|Any CPU
		{FAB48E28-F1D4-40C7-888C-DA5A27C76CB7}.AppStore|iPhoneSimulator.ActiveCfg = Release|Any CPU
		{FAB48E28-F1D4-40C7-888C-DA5A27C76CB7}.AppStore|Mixed Platforms.ActiveCfg = Release|Any CPU
		{FAB48E28-F1D4-40C7-888C-DA5A27C76CB7}.AppStore|Mixed Platforms.Build.0 = Release|Any CPU
		{FAB48E28-F1D4-40C7-888C-DA5A27C76CB7}.AppStore|x86.ActiveCfg = Release|Any CPU
		{FAB48E28-F1D4-40C7-888C-DA5A27C76CB7}.Debug|Any CPU.ActiveCfg = Debug|Any CPU
		{FAB48E28-F1D4-40C7-888C-DA5A27C76CB7}.Debug|Any CPU.Build.0 = Debug|Any CPU
		{FAB48E28-F1D4-40C7-888C-DA5A27C76CB7}.Debug|ARM.ActiveCfg = Debug|Any CPU
		{FAB48E28-F1D4-40C7-888C-DA5A27C76CB7}.Debug|iPhone.ActiveCfg = Debug|Any CPU
		{FAB48E28-F1D4-40C7-888C-DA5A27C76CB7}.Debug|iPhoneSimulator.ActiveCfg = Debug|Any CPU
		{FAB48E28-F1D4-40C7-888C-DA5A27C76CB7}.Debug|Mixed Platforms.ActiveCfg = Debug|Any CPU
		{FAB48E28-F1D4-40C7-888C-DA5A27C76CB7}.Debug|Mixed Platforms.Build.0 = Debug|Any CPU
		{FAB48E28-F1D4-40C7-888C-DA5A27C76CB7}.Debug|x86.ActiveCfg = Debug|Any CPU
		{FAB48E28-F1D4-40C7-888C-DA5A27C76CB7}.Release|Any CPU.ActiveCfg = Release|Any CPU
		{FAB48E28-F1D4-40C7-888C-DA5A27C76CB7}.Release|Any CPU.Build.0 = Release|Any CPU
		{FAB48E28-F1D4-40C7-888C-DA5A27C76CB7}.Release|ARM.ActiveCfg = Release|Any CPU
		{FAB48E28-F1D4-40C7-888C-DA5A27C76CB7}.Release|iPhone.ActiveCfg = Release|Any CPU
		{FAB48E28-F1D4-40C7-888C-DA5A27C76CB7}.Release|iPhoneSimulator.ActiveCfg = Release|Any CPU
		{FAB48E28-F1D4-40C7-888C-DA5A27C76CB7}.Release|Mixed Platforms.ActiveCfg = Release|Any CPU
		{FAB48E28-F1D4-40C7-888C-DA5A27C76CB7}.Release|Mixed Platforms.Build.0 = Release|Any CPU
		{FAB48E28-F1D4-40C7-888C-DA5A27C76CB7}.Release|x86.ActiveCfg = Release|Any CPU
		{DD948B33-C104-499E-B078-332EDE8F51AE}.Ad-Hoc|Any CPU.ActiveCfg = Ad-Hoc|iPhone
		{DD948B33-C104-499E-B078-332EDE8F51AE}.Ad-Hoc|ARM.ActiveCfg = Ad-Hoc|iPhone
		{DD948B33-C104-499E-B078-332EDE8F51AE}.Ad-Hoc|iPhone.ActiveCfg = Ad-Hoc|iPhone
		{DD948B33-C104-499E-B078-332EDE8F51AE}.Ad-Hoc|iPhone.Build.0 = Ad-Hoc|iPhone
		{DD948B33-C104-499E-B078-332EDE8F51AE}.Ad-Hoc|iPhoneSimulator.ActiveCfg = Ad-Hoc|iPhoneSimulator
		{DD948B33-C104-499E-B078-332EDE8F51AE}.Ad-Hoc|iPhoneSimulator.Build.0 = Ad-Hoc|iPhoneSimulator
		{DD948B33-C104-499E-B078-332EDE8F51AE}.Ad-Hoc|Mixed Platforms.ActiveCfg = Ad-Hoc|iPhone
		{DD948B33-C104-499E-B078-332EDE8F51AE}.Ad-Hoc|Mixed Platforms.Build.0 = Ad-Hoc|iPhone
		{DD948B33-C104-499E-B078-332EDE8F51AE}.Ad-Hoc|x86.ActiveCfg = Ad-Hoc|iPhone
		{DD948B33-C104-499E-B078-332EDE8F51AE}.AppStore|Any CPU.ActiveCfg = AppStore|iPhone
		{DD948B33-C104-499E-B078-332EDE8F51AE}.AppStore|ARM.ActiveCfg = AppStore|iPhone
		{DD948B33-C104-499E-B078-332EDE8F51AE}.AppStore|iPhone.ActiveCfg = AppStore|iPhone
		{DD948B33-C104-499E-B078-332EDE8F51AE}.AppStore|iPhone.Build.0 = AppStore|iPhone
		{DD948B33-C104-499E-B078-332EDE8F51AE}.AppStore|iPhoneSimulator.ActiveCfg = AppStore|iPhoneSimulator
		{DD948B33-C104-499E-B078-332EDE8F51AE}.AppStore|iPhoneSimulator.Build.0 = AppStore|iPhoneSimulator
		{DD948B33-C104-499E-B078-332EDE8F51AE}.AppStore|Mixed Platforms.ActiveCfg = AppStore|iPhone
		{DD948B33-C104-499E-B078-332EDE8F51AE}.AppStore|Mixed Platforms.Build.0 = AppStore|iPhone
		{DD948B33-C104-499E-B078-332EDE8F51AE}.AppStore|x86.ActiveCfg = AppStore|iPhone
		{DD948B33-C104-499E-B078-332EDE8F51AE}.Debug|Any CPU.ActiveCfg = Debug|iPhone
		{DD948B33-C104-499E-B078-332EDE8F51AE}.Debug|ARM.ActiveCfg = Debug|iPhone
		{DD948B33-C104-499E-B078-332EDE8F51AE}.Debug|iPhone.ActiveCfg = Debug|iPhone
		{DD948B33-C104-499E-B078-332EDE8F51AE}.Debug|iPhone.Build.0 = Debug|iPhone
		{DD948B33-C104-499E-B078-332EDE8F51AE}.Debug|iPhoneSimulator.ActiveCfg = Debug|iPhoneSimulator
		{DD948B33-C104-499E-B078-332EDE8F51AE}.Debug|iPhoneSimulator.Build.0 = Debug|iPhoneSimulator
		{DD948B33-C104-499E-B078-332EDE8F51AE}.Debug|Mixed Platforms.ActiveCfg = Debug|iPhone
		{DD948B33-C104-499E-B078-332EDE8F51AE}.Debug|Mixed Platforms.Build.0 = Debug|iPhone
		{DD948B33-C104-499E-B078-332EDE8F51AE}.Debug|x86.ActiveCfg = Debug|iPhone
		{DD948B33-C104-499E-B078-332EDE8F51AE}.Release|Any CPU.ActiveCfg = Release|iPhone
		{DD948B33-C104-499E-B078-332EDE8F51AE}.Release|ARM.ActiveCfg = Release|iPhone
		{DD948B33-C104-499E-B078-332EDE8F51AE}.Release|iPhone.ActiveCfg = Release|iPhone
		{DD948B33-C104-499E-B078-332EDE8F51AE}.Release|iPhone.Build.0 = Release|iPhone
		{DD948B33-C104-499E-B078-332EDE8F51AE}.Release|iPhoneSimulator.ActiveCfg = Release|iPhoneSimulator
		{DD948B33-C104-499E-B078-332EDE8F51AE}.Release|iPhoneSimulator.Build.0 = Release|iPhoneSimulator
		{DD948B33-C104-499E-B078-332EDE8F51AE}.Release|Mixed Platforms.ActiveCfg = Release|iPhone
		{DD948B33-C104-499E-B078-332EDE8F51AE}.Release|Mixed Platforms.Build.0 = Release|iPhone
		{DD948B33-C104-499E-B078-332EDE8F51AE}.Release|x86.ActiveCfg = Release|iPhone
		{6144F296-B478-4EB9-BD01-AE00CDB8046B}.Ad-Hoc|Any CPU.ActiveCfg = Release|Any CPU
		{6144F296-B478-4EB9-BD01-AE00CDB8046B}.Ad-Hoc|Any CPU.Build.0 = Release|Any CPU
		{6144F296-B478-4EB9-BD01-AE00CDB8046B}.Ad-Hoc|Any CPU.Deploy.0 = Release|Any CPU
		{6144F296-B478-4EB9-BD01-AE00CDB8046B}.Ad-Hoc|ARM.ActiveCfg = Release|Any CPU
		{6144F296-B478-4EB9-BD01-AE00CDB8046B}.Ad-Hoc|iPhone.ActiveCfg = Release|Any CPU
		{6144F296-B478-4EB9-BD01-AE00CDB8046B}.Ad-Hoc|iPhoneSimulator.ActiveCfg = Release|Any CPU
		{6144F296-B478-4EB9-BD01-AE00CDB8046B}.Ad-Hoc|Mixed Platforms.ActiveCfg = Release|Any CPU
		{6144F296-B478-4EB9-BD01-AE00CDB8046B}.Ad-Hoc|Mixed Platforms.Build.0 = Release|Any CPU
		{6144F296-B478-4EB9-BD01-AE00CDB8046B}.Ad-Hoc|Mixed Platforms.Deploy.0 = Release|Any CPU
		{6144F296-B478-4EB9-BD01-AE00CDB8046B}.Ad-Hoc|x86.ActiveCfg = Release|Any CPU
		{6144F296-B478-4EB9-BD01-AE00CDB8046B}.AppStore|Any CPU.ActiveCfg = Release|Any CPU
		{6144F296-B478-4EB9-BD01-AE00CDB8046B}.AppStore|Any CPU.Build.0 = Release|Any CPU
		{6144F296-B478-4EB9-BD01-AE00CDB8046B}.AppStore|Any CPU.Deploy.0 = Release|Any CPU
		{6144F296-B478-4EB9-BD01-AE00CDB8046B}.AppStore|ARM.ActiveCfg = Release|Any CPU
		{6144F296-B478-4EB9-BD01-AE00CDB8046B}.AppStore|iPhone.ActiveCfg = Release|Any CPU
		{6144F296-B478-4EB9-BD01-AE00CDB8046B}.AppStore|iPhoneSimulator.ActiveCfg = Release|Any CPU
		{6144F296-B478-4EB9-BD01-AE00CDB8046B}.AppStore|Mixed Platforms.ActiveCfg = Release|Any CPU
		{6144F296-B478-4EB9-BD01-AE00CDB8046B}.AppStore|Mixed Platforms.Build.0 = Release|Any CPU
		{6144F296-B478-4EB9-BD01-AE00CDB8046B}.AppStore|Mixed Platforms.Deploy.0 = Release|Any CPU
		{6144F296-B478-4EB9-BD01-AE00CDB8046B}.AppStore|x86.ActiveCfg = Release|Any CPU
		{6144F296-B478-4EB9-BD01-AE00CDB8046B}.Debug|Any CPU.ActiveCfg = Debug|Any CPU
		{6144F296-B478-4EB9-BD01-AE00CDB8046B}.Debug|Any CPU.Build.0 = Debug|Any CPU
		{6144F296-B478-4EB9-BD01-AE00CDB8046B}.Debug|Any CPU.Deploy.0 = Debug|Any CPU
		{6144F296-B478-4EB9-BD01-AE00CDB8046B}.Debug|ARM.ActiveCfg = Debug|Any CPU
		{6144F296-B478-4EB9-BD01-AE00CDB8046B}.Debug|iPhone.ActiveCfg = Debug|Any CPU
		{6144F296-B478-4EB9-BD01-AE00CDB8046B}.Debug|iPhoneSimulator.ActiveCfg = Debug|Any CPU
		{6144F296-B478-4EB9-BD01-AE00CDB8046B}.Debug|Mixed Platforms.ActiveCfg = Debug|Any CPU
		{6144F296-B478-4EB9-BD01-AE00CDB8046B}.Debug|Mixed Platforms.Build.0 = Debug|Any CPU
		{6144F296-B478-4EB9-BD01-AE00CDB8046B}.Debug|Mixed Platforms.Deploy.0 = Debug|Any CPU
		{6144F296-B478-4EB9-BD01-AE00CDB8046B}.Debug|x86.ActiveCfg = Debug|Any CPU
		{6144F296-B478-4EB9-BD01-AE00CDB8046B}.Release|Any CPU.ActiveCfg = Release|Any CPU
		{6144F296-B478-4EB9-BD01-AE00CDB8046B}.Release|Any CPU.Build.0 = Release|Any CPU
		{6144F296-B478-4EB9-BD01-AE00CDB8046B}.Release|Any CPU.Deploy.0 = Release|Any CPU
		{6144F296-B478-4EB9-BD01-AE00CDB8046B}.Release|ARM.ActiveCfg = Release|Any CPU
		{6144F296-B478-4EB9-BD01-AE00CDB8046B}.Release|iPhone.ActiveCfg = Release|Any CPU
		{6144F296-B478-4EB9-BD01-AE00CDB8046B}.Release|iPhoneSimulator.ActiveCfg = Release|Any CPU
		{6144F296-B478-4EB9-BD01-AE00CDB8046B}.Release|Mixed Platforms.ActiveCfg = Release|Any CPU
		{6144F296-B478-4EB9-BD01-AE00CDB8046B}.Release|Mixed Platforms.Build.0 = Release|Any CPU
		{6144F296-B478-4EB9-BD01-AE00CDB8046B}.Release|Mixed Platforms.Deploy.0 = Release|Any CPU
		{6144F296-B478-4EB9-BD01-AE00CDB8046B}.Release|x86.ActiveCfg = Release|Any CPU
		{28463270-D06E-4876-A79E-F64A512E57FD}.Ad-Hoc|Any CPU.ActiveCfg = Release|Any CPU
		{28463270-D06E-4876-A79E-F64A512E57FD}.Ad-Hoc|Any CPU.Build.0 = Release|Any CPU
		{28463270-D06E-4876-A79E-F64A512E57FD}.Ad-Hoc|Any CPU.Deploy.0 = Release|Any CPU
		{28463270-D06E-4876-A79E-F64A512E57FD}.Ad-Hoc|ARM.ActiveCfg = Release|ARM
		{28463270-D06E-4876-A79E-F64A512E57FD}.Ad-Hoc|ARM.Build.0 = Release|ARM
		{28463270-D06E-4876-A79E-F64A512E57FD}.Ad-Hoc|ARM.Deploy.0 = Release|ARM
		{28463270-D06E-4876-A79E-F64A512E57FD}.Ad-Hoc|iPhone.ActiveCfg = Release|Any CPU
		{28463270-D06E-4876-A79E-F64A512E57FD}.Ad-Hoc|iPhoneSimulator.ActiveCfg = Release|Any CPU
		{28463270-D06E-4876-A79E-F64A512E57FD}.Ad-Hoc|Mixed Platforms.ActiveCfg = Release|x86
		{28463270-D06E-4876-A79E-F64A512E57FD}.Ad-Hoc|Mixed Platforms.Build.0 = Release|x86
		{28463270-D06E-4876-A79E-F64A512E57FD}.Ad-Hoc|Mixed Platforms.Deploy.0 = Release|x86
		{28463270-D06E-4876-A79E-F64A512E57FD}.Ad-Hoc|x86.ActiveCfg = Release|x86
		{28463270-D06E-4876-A79E-F64A512E57FD}.Ad-Hoc|x86.Build.0 = Release|x86
		{28463270-D06E-4876-A79E-F64A512E57FD}.Ad-Hoc|x86.Deploy.0 = Release|x86
		{28463270-D06E-4876-A79E-F64A512E57FD}.AppStore|Any CPU.ActiveCfg = Release|Any CPU
		{28463270-D06E-4876-A79E-F64A512E57FD}.AppStore|Any CPU.Build.0 = Release|Any CPU
		{28463270-D06E-4876-A79E-F64A512E57FD}.AppStore|Any CPU.Deploy.0 = Release|Any CPU
		{28463270-D06E-4876-A79E-F64A512E57FD}.AppStore|ARM.ActiveCfg = Release|ARM
		{28463270-D06E-4876-A79E-F64A512E57FD}.AppStore|ARM.Build.0 = Release|ARM
		{28463270-D06E-4876-A79E-F64A512E57FD}.AppStore|ARM.Deploy.0 = Release|ARM
		{28463270-D06E-4876-A79E-F64A512E57FD}.AppStore|iPhone.ActiveCfg = Release|Any CPU
		{28463270-D06E-4876-A79E-F64A512E57FD}.AppStore|iPhoneSimulator.ActiveCfg = Release|Any CPU
		{28463270-D06E-4876-A79E-F64A512E57FD}.AppStore|Mixed Platforms.ActiveCfg = Release|x86
		{28463270-D06E-4876-A79E-F64A512E57FD}.AppStore|Mixed Platforms.Build.0 = Release|x86
		{28463270-D06E-4876-A79E-F64A512E57FD}.AppStore|Mixed Platforms.Deploy.0 = Release|x86
		{28463270-D06E-4876-A79E-F64A512E57FD}.AppStore|x86.ActiveCfg = Release|x86
		{28463270-D06E-4876-A79E-F64A512E57FD}.AppStore|x86.Build.0 = Release|x86
		{28463270-D06E-4876-A79E-F64A512E57FD}.AppStore|x86.Deploy.0 = Release|x86
		{28463270-D06E-4876-A79E-F64A512E57FD}.Debug|Any CPU.ActiveCfg = Debug|Any CPU
		{28463270-D06E-4876-A79E-F64A512E57FD}.Debug|Any CPU.Build.0 = Debug|Any CPU
		{28463270-D06E-4876-A79E-F64A512E57FD}.Debug|Any CPU.Deploy.0 = Debug|Any CPU
		{28463270-D06E-4876-A79E-F64A512E57FD}.Debug|ARM.ActiveCfg = Debug|ARM
		{28463270-D06E-4876-A79E-F64A512E57FD}.Debug|ARM.Build.0 = Debug|ARM
		{28463270-D06E-4876-A79E-F64A512E57FD}.Debug|ARM.Deploy.0 = Debug|ARM
		{28463270-D06E-4876-A79E-F64A512E57FD}.Debug|iPhone.ActiveCfg = Debug|Any CPU
		{28463270-D06E-4876-A79E-F64A512E57FD}.Debug|iPhoneSimulator.ActiveCfg = Debug|Any CPU
		{28463270-D06E-4876-A79E-F64A512E57FD}.Debug|Mixed Platforms.ActiveCfg = Debug|x86
		{28463270-D06E-4876-A79E-F64A512E57FD}.Debug|Mixed Platforms.Build.0 = Debug|x86
		{28463270-D06E-4876-A79E-F64A512E57FD}.Debug|Mixed Platforms.Deploy.0 = Debug|x86
		{28463270-D06E-4876-A79E-F64A512E57FD}.Debug|x86.ActiveCfg = Debug|x86
		{28463270-D06E-4876-A79E-F64A512E57FD}.Debug|x86.Build.0 = Debug|x86
		{28463270-D06E-4876-A79E-F64A512E57FD}.Debug|x86.Deploy.0 = Debug|x86
		{28463270-D06E-4876-A79E-F64A512E57FD}.Release|Any CPU.ActiveCfg = Release|Any CPU
		{28463270-D06E-4876-A79E-F64A512E57FD}.Release|Any CPU.Build.0 = Release|Any CPU
		{28463270-D06E-4876-A79E-F64A512E57FD}.Release|Any CPU.Deploy.0 = Release|Any CPU
		{28463270-D06E-4876-A79E-F64A512E57FD}.Release|ARM.ActiveCfg = Release|ARM
		{28463270-D06E-4876-A79E-F64A512E57FD}.Release|ARM.Build.0 = Release|ARM
		{28463270-D06E-4876-A79E-F64A512E57FD}.Release|ARM.Deploy.0 = Release|ARM
		{28463270-D06E-4876-A79E-F64A512E57FD}.Release|iPhone.ActiveCfg = Release|Any CPU
		{28463270-D06E-4876-A79E-F64A512E57FD}.Release|iPhoneSimulator.ActiveCfg = Release|Any CPU
		{28463270-D06E-4876-A79E-F64A512E57FD}.Release|Mixed Platforms.ActiveCfg = Release|x86
		{28463270-D06E-4876-A79E-F64A512E57FD}.Release|Mixed Platforms.Build.0 = Release|x86
		{28463270-D06E-4876-A79E-F64A512E57FD}.Release|Mixed Platforms.Deploy.0 = Release|x86
		{28463270-D06E-4876-A79E-F64A512E57FD}.Release|x86.ActiveCfg = Release|x86
		{28463270-D06E-4876-A79E-F64A512E57FD}.Release|x86.Build.0 = Release|x86
		{28463270-D06E-4876-A79E-F64A512E57FD}.Release|x86.Deploy.0 = Release|x86
	EndGlobalSection
	GlobalSection(SolutionProperties) = preSolution
		HideSolutionNode = FALSE
	EndGlobalSection
EndGlobal
